// !$*UTF8*$!
{
	archiveVersion = 1;
	classes = {
	};
	objectVersion = 48;
	objects = {

/* Begin PBXBuildFile section */
		F51DDECB258186E40062DA07 /* Random1.cpp in Sources */ = {isa = PBXBuildFile; fileRef = F51DDECA258186E40062DA07 /* Random1.cpp */; };
		F51DDED12581882F0062DA07 /* SimpleMC1.cpp in Sources */ = {isa = PBXBuildFile; fileRef = F51DDECF2581882F0062DA07 /* SimpleMC1.cpp */; };
		F51DDED42586C5580062DA07 /* Payoff1.cpp in Sources */ = {isa = PBXBuildFile; fileRef = F51DDED22586C5580062DA07 /* Payoff1.cpp */; };
		F51DDED72587FCEF0062DA07 /* SimpleMC.cpp in Sources */ = {isa = PBXBuildFile; fileRef = F51DDED52587FCEF0062DA07 /* SimpleMC.cpp */; };
		F51DDF1F258826440062DA07 /* Payoff2.cpp in Sources */ = {isa = PBXBuildFile; fileRef = F51DDF1D258826440062DA07 /* Payoff2.cpp */; };
		F51DDF2E25883B2A0062DA07 /* SimpleMC2.cpp in Sources */ = {isa = PBXBuildFile; fileRef = F51DDF2C25883B2A0062DA07 /* SimpleMC2.cpp */; };
		F51DDF45258AEBE90062DA07 /* DoubleDigital.cpp in Sources */ = {isa = PBXBuildFile; fileRef = F51DDF43258AEBE90062DA07 /* DoubleDigital.cpp */; };
		F51DDF54258C02B30062DA07 /* Vanilla1.cpp in Sources */ = {isa = PBXBuildFile; fileRef = F51DDF52258C02B30062DA07 /* Vanilla1.cpp */; };
		F51DDF57258C05A30062DA07 /* SimpleMC3.cpp in Sources */ = {isa = PBXBuildFile; fileRef = F51DDF55258C05A30062DA07 /* SimpleMC3.cpp */; };
		F51DDF69258D36CC0062DA07 /* Payoff3.cpp in Sources */ = {isa = PBXBuildFile; fileRef = F51DDF67258D36CC0062DA07 /* Payoff3.cpp */; };
		F51DDF6C258D3A860062DA07 /* Vanilla2.cpp in Sources */ = {isa = PBXBuildFile; fileRef = F51DDF6A258D3A860062DA07 /* Vanilla2.cpp */; };
		F51DDF6F258D3F780062DA07 /* SimpleMC4.cpp in Sources */ = {isa = PBXBuildFile; fileRef = F51DDF6D258D3F780062DA07 /* SimpleMC4.cpp */; };
		F51DDF7B258D42D90062DA07 /* Chapter4_3_vanillaMain2.cpp in Sources */ = {isa = PBXBuildFile; fileRef = F51DDF76258D412A0062DA07 /* Chapter4_3_vanillaMain2.cpp */; };
		F51DDF7E25915F3C0062DA07 /* PayoffBridge.cpp in Sources */ = {isa = PBXBuildFile; fileRef = F51DDF7C25915F3C0062DA07 /* PayoffBridge.cpp */; };
/* End PBXBuildFile section */

/* Begin PBXCopyFilesBuildPhase section */
		F51DDEB3257325580062DA07 /* CopyFiles */ = {
			isa = PBXCopyFilesBuildPhase;
			buildActionMask = 2147483647;
			dstPath = /usr/share/man/man1/;
			dstSubfolderSpec = 0;
			files = (
			);
			runOnlyForDeploymentPostprocessing = 1;
		};
		F51DDEF325880D970062DA07 /* CopyFiles */ = {
			isa = PBXCopyFilesBuildPhase;
			buildActionMask = 2147483647;
			dstPath = /usr/share/man/man1/;
			dstSubfolderSpec = 0;
			files = (
			);
			runOnlyForDeploymentPostprocessing = 1;
		};
		F51DDF0125880ECC0062DA07 /* CopyFiles */ = {
			isa = PBXCopyFilesBuildPhase;
			buildActionMask = 2147483647;
			dstPath = /usr/share/man/man1/;
			dstSubfolderSpec = 0;
			files = (
			);
			runOnlyForDeploymentPostprocessing = 1;
		};
		F51DDF22258826DE0062DA07 /* CopyFiles */ = {
			isa = PBXCopyFilesBuildPhase;
			buildActionMask = 2147483647;
			dstPath = /usr/share/man/man1/;
			dstSubfolderSpec = 0;
			files = (
			);
			runOnlyForDeploymentPostprocessing = 1;
		};
		F51DDF37258AE2120062DA07 /* CopyFiles */ = {
			isa = PBXCopyFilesBuildPhase;
			buildActionMask = 2147483647;
			dstPath = /usr/share/man/man1/;
			dstSubfolderSpec = 0;
			files = (
			);
			runOnlyForDeploymentPostprocessing = 1;
		};
		F51DDF48258AEEF40062DA07 /* CopyFiles */ = {
			isa = PBXCopyFilesBuildPhase;
			buildActionMask = 2147483647;
			dstPath = /usr/share/man/man1/;
			dstSubfolderSpec = 0;
			files = (
			);
			runOnlyForDeploymentPostprocessing = 1;
		};
		F51DDF5A258C09340062DA07 /* CopyFiles */ = {
			isa = PBXCopyFilesBuildPhase;
			buildActionMask = 2147483647;
			dstPath = /usr/share/man/man1/;
			dstSubfolderSpec = 0;
			files = (
			);
			runOnlyForDeploymentPostprocessing = 1;
		};
		F51DDF72258D412A0062DA07 /* CopyFiles */ = {
			isa = PBXCopyFilesBuildPhase;
			buildActionMask = 2147483647;
			dstPath = /usr/share/man/man1/;
			dstSubfolderSpec = 0;
			files = (
			);
			runOnlyForDeploymentPostprocessing = 1;
		};
/* End PBXCopyFilesBuildPhase section */

/* Begin PBXFileReference section */
		F51DDEB5257325580062DA07 /* DerivativePricing_cpp */ = {isa = PBXFileReference; explicitFileType = "compiled.mach-o.executable"; includeInIndex = 0; path = DerivativePricing_cpp; sourceTree = BUILT_PRODUCTS_DIR; };
		F51DDEC9258186E40062DA07 /* Random1.hpp */ = {isa = PBXFileReference; fileEncoding = 4; lastKnownFileType = sourcecode.cpp.h; path = Random1.hpp; sourceTree = "<group>"; };
		F51DDECA258186E40062DA07 /* Random1.cpp */ = {isa = PBXFileReference; fileEncoding = 4; lastKnownFileType = sourcecode.cpp.cpp; path = Random1.cpp; sourceTree = "<group>"; };
		F51DDECF2581882F0062DA07 /* SimpleMC1.cpp */ = {isa = PBXFileReference; lastKnownFileType = sourcecode.cpp.cpp; path = SimpleMC1.cpp; sourceTree = "<group>"; };
		F51DDED02581882F0062DA07 /* SimpleMC1.hpp */ = {isa = PBXFileReference; lastKnownFileType = sourcecode.cpp.h; path = SimpleMC1.hpp; sourceTree = "<group>"; };
		F51DDED22586C5580062DA07 /* Payoff1.cpp */ = {isa = PBXFileReference; lastKnownFileType = sourcecode.cpp.cpp; path = Payoff1.cpp; sourceTree = "<group>"; };
		F51DDED32586C5580062DA07 /* Payoff1.hpp */ = {isa = PBXFileReference; lastKnownFileType = sourcecode.cpp.h; path = Payoff1.hpp; sourceTree = "<group>"; };
		F51DDED52587FCEF0062DA07 /* SimpleMC.cpp */ = {isa = PBXFileReference; lastKnownFileType = sourcecode.cpp.cpp; path = SimpleMC.cpp; sourceTree = "<group>"; };
		F51DDED62587FCEF0062DA07 /* SimpleMC.hpp */ = {isa = PBXFileReference; lastKnownFileType = sourcecode.cpp.h; path = SimpleMC.hpp; sourceTree = "<group>"; };
		F51DDED8258802F30062DA07 /* Chapter2_simpleMC2.cpp */ = {isa = PBXFileReference; lastKnownFileType = sourcecode.cpp.cpp; path = Chapter2_simpleMC2.cpp; sourceTree = "<group>"; };
		F51DDEDC258808DB0062DA07 /* Chapter1_simpleMC1.cpp */ = {isa = PBXFileReference; fileEncoding = 4; lastKnownFileType = sourcecode.cpp.cpp; path = Chapter1_simpleMC1.cpp; sourceTree = "<group>"; };
		F51DDEE325880CF20062DA07 /* Chapter2.appex */ = {isa = PBXFileReference; explicitFileType = "wrapper.app-extension"; includeInIndex = 0; path = Chapter2.appex; sourceTree = BUILT_PRODUCTS_DIR; };
		F51DDEF525880D970062DA07 /* Chapter1 */ = {isa = PBXFileReference; explicitFileType = "compiled.mach-o.executable"; includeInIndex = 0; path = Chapter1; sourceTree = BUILT_PRODUCTS_DIR; };
		F51DDF0325880ECC0062DA07 /* Chapter2 */ = {isa = PBXFileReference; explicitFileType = "compiled.mach-o.executable"; includeInIndex = 0; path = Chapter2; sourceTree = BUILT_PRODUCTS_DIR; };
		F51DDF1D258826440062DA07 /* Payoff2.cpp */ = {isa = PBXFileReference; fileEncoding = 4; lastKnownFileType = sourcecode.cpp.cpp; path = Payoff2.cpp; sourceTree = "<group>"; };
		F51DDF1E258826440062DA07 /* Payoff2.hpp */ = {isa = PBXFileReference; fileEncoding = 4; lastKnownFileType = sourcecode.cpp.h; path = Payoff2.hpp; sourceTree = "<group>"; };
		F51DDF24258826DE0062DA07 /* Chapter3 */ = {isa = PBXFileReference; explicitFileType = "compiled.mach-o.executable"; includeInIndex = 0; path = Chapter3; sourceTree = BUILT_PRODUCTS_DIR; };
		F51DDF26258826DE0062DA07 /* Chapter3_1_simpleMC3.cpp */ = {isa = PBXFileReference; lastKnownFileType = sourcecode.cpp.cpp; path = Chapter3_1_simpleMC3.cpp; sourceTree = "<group>"; };
		F51DDF2C25883B2A0062DA07 /* SimpleMC2.cpp */ = {isa = PBXFileReference; lastKnownFileType = sourcecode.cpp.cpp; path = SimpleMC2.cpp; sourceTree = "<group>"; };
		F51DDF2D25883B2A0062DA07 /* SimpleMC2.hpp */ = {isa = PBXFileReference; lastKnownFileType = sourcecode.cpp.h; path = SimpleMC2.hpp; sourceTree = "<group>"; };
		F51DDF39258AE2120062DA07 /* Chapter_3_2 */ = {isa = PBXFileReference; explicitFileType = "compiled.mach-o.executable"; includeInIndex = 0; path = Chapter_3_2; sourceTree = BUILT_PRODUCTS_DIR; };
		F51DDF3B258AE2120062DA07 /* Chapter3_5_simpleMC4.cpp */ = {isa = PBXFileReference; lastKnownFileType = sourcecode.cpp.cpp; path = Chapter3_5_simpleMC4.cpp; sourceTree = "<group>"; };
		F51DDF43258AEBE90062DA07 /* DoubleDigital.cpp */ = {isa = PBXFileReference; lastKnownFileType = sourcecode.cpp.cpp; name = DoubleDigital.cpp; path = DerivativePricing_cpp/DoubleDigital.cpp; sourceTree = SOURCE_ROOT; };
		F51DDF44258AEBE90062DA07 /* DoubleDigital.hpp */ = {isa = PBXFileReference; lastKnownFileType = sourcecode.cpp.h; name = DoubleDigital.hpp; path = DerivativePricing_cpp/DoubleDigital.hpp; sourceTree = SOURCE_ROOT; };
		F51DDF4A258AEEF40062DA07 /* Chapter3_6 */ = {isa = PBXFileReference; explicitFileType = "compiled.mach-o.executable"; includeInIndex = 0; path = Chapter3_6; sourceTree = BUILT_PRODUCTS_DIR; };
		F51DDF4C258AEEF40062DA07 /* Chapter3_6_simpleMC5.cpp */ = {isa = PBXFileReference; lastKnownFileType = sourcecode.cpp.cpp; path = Chapter3_6_simpleMC5.cpp; sourceTree = "<group>"; };
		F51DDF52258C02B30062DA07 /* Vanilla1.cpp */ = {isa = PBXFileReference; lastKnownFileType = sourcecode.cpp.cpp; path = Vanilla1.cpp; sourceTree = "<group>"; };
		F51DDF53258C02B30062DA07 /* Vanilla1.hpp */ = {isa = PBXFileReference; lastKnownFileType = sourcecode.cpp.h; path = Vanilla1.hpp; sourceTree = "<group>"; };
		F51DDF55258C05A30062DA07 /* SimpleMC3.cpp */ = {isa = PBXFileReference; lastKnownFileType = sourcecode.cpp.cpp; path = SimpleMC3.cpp; sourceTree = "<group>"; };
		F51DDF56258C05A30062DA07 /* SimpleMC3.hpp */ = {isa = PBXFileReference; lastKnownFileType = sourcecode.cpp.h; path = SimpleMC3.hpp; sourceTree = "<group>"; };
		F51DDF5C258C09340062DA07 /* Chapter4_2 */ = {isa = PBXFileReference; explicitFileType = "compiled.mach-o.executable"; includeInIndex = 0; path = Chapter4_2; sourceTree = BUILT_PRODUCTS_DIR; };
		F51DDF5E258C09340062DA07 /* Chapter4_2_vanillaMain1.cpp */ = {isa = PBXFileReference; lastKnownFileType = sourcecode.cpp.cpp; path = Chapter4_2_vanillaMain1.cpp; sourceTree = "<group>"; };
		F51DDF67258D36CC0062DA07 /* Payoff3.cpp */ = {isa = PBXFileReference; lastKnownFileType = sourcecode.cpp.cpp; path = Payoff3.cpp; sourceTree = "<group>"; };
		F51DDF68258D36CC0062DA07 /* Payoff3.hpp */ = {isa = PBXFileReference; lastKnownFileType = sourcecode.cpp.h; path = Payoff3.hpp; sourceTree = "<group>"; };
		F51DDF6A258D3A860062DA07 /* Vanilla2.cpp */ = {isa = PBXFileReference; lastKnownFileType = sourcecode.cpp.cpp; path = Vanilla2.cpp; sourceTree = "<group>"; };
		F51DDF6B258D3A860062DA07 /* Vanilla2.hpp */ = {isa = PBXFileReference; lastKnownFileType = sourcecode.cpp.h; path = Vanilla2.hpp; sourceTree = "<group>"; };
		F51DDF6D258D3F780062DA07 /* SimpleMC4.cpp */ = {isa = PBXFileReference; lastKnownFileType = sourcecode.cpp.cpp; path = SimpleMC4.cpp; sourceTree = "<group>"; };
		F51DDF6E258D3F780062DA07 /* SimpleMC4.hpp */ = {isa = PBXFileReference; lastKnownFileType = sourcecode.cpp.h; path = SimpleMC4.hpp; sourceTree = "<group>"; };
		F51DDF74258D412A0062DA07 /* Chapter4_3 */ = {isa = PBXFileReference; explicitFileType = "compiled.mach-o.executable"; includeInIndex = 0; path = Chapter4_3; sourceTree = BUILT_PRODUCTS_DIR; };
		F51DDF76258D412A0062DA07 /* Chapter4_3_vanillaMain2.cpp */ = {isa = PBXFileReference; lastKnownFileType = sourcecode.cpp.cpp; path = Chapter4_3_vanillaMain2.cpp; sourceTree = "<group>"; };
		F51DDF7C25915F3C0062DA07 /* PayoffBridge.cpp */ = {isa = PBXFileReference; lastKnownFileType = sourcecode.cpp.cpp; path = PayoffBridge.cpp; sourceTree = "<group>"; };
		F51DDF7D25915F3C0062DA07 /* PayoffBridge.hpp */ = {isa = PBXFileReference; lastKnownFileType = sourcecode.cpp.h; path = PayoffBridge.hpp; sourceTree = "<group>"; };
/* End PBXFileReference section */

/* Begin PBXFrameworksBuildPhase section */
		F51DDEB2257325580062DA07 /* Frameworks */ = {
			isa = PBXFrameworksBuildPhase;
			buildActionMask = 2147483647;
			files = (
			);
			runOnlyForDeploymentPostprocessing = 0;
		};
		F51DDEE025880CF20062DA07 /* Frameworks */ = {
			isa = PBXFrameworksBuildPhase;
			buildActionMask = 2147483647;
			files = (
			);
			runOnlyForDeploymentPostprocessing = 0;
		};
		F51DDEF225880D970062DA07 /* Frameworks */ = {
			isa = PBXFrameworksBuildPhase;
			buildActionMask = 2147483647;
			files = (
			);
			runOnlyForDeploymentPostprocessing = 0;
		};
		F51DDF0025880ECC0062DA07 /* Frameworks */ = {
			isa = PBXFrameworksBuildPhase;
			buildActionMask = 2147483647;
			files = (
			);
			runOnlyForDeploymentPostprocessing = 0;
		};
		F51DDF21258826DE0062DA07 /* Frameworks */ = {
			isa = PBXFrameworksBuildPhase;
			buildActionMask = 2147483647;
			files = (
			);
			runOnlyForDeploymentPostprocessing = 0;
		};
		F51DDF36258AE2120062DA07 /* Frameworks */ = {
			isa = PBXFrameworksBuildPhase;
			buildActionMask = 2147483647;
			files = (
			);
			runOnlyForDeploymentPostprocessing = 0;
		};
		F51DDF47258AEEF40062DA07 /* Frameworks */ = {
			isa = PBXFrameworksBuildPhase;
			buildActionMask = 2147483647;
			files = (
			);
			runOnlyForDeploymentPostprocessing = 0;
		};
		F51DDF59258C09340062DA07 /* Frameworks */ = {
			isa = PBXFrameworksBuildPhase;
			buildActionMask = 2147483647;
			files = (
			);
			runOnlyForDeploymentPostprocessing = 0;
		};
		F51DDF71258D412A0062DA07 /* Frameworks */ = {
			isa = PBXFrameworksBuildPhase;
			buildActionMask = 2147483647;
			files = (
			);
			runOnlyForDeploymentPostprocessing = 0;
		};
/* End PBXFrameworksBuildPhase section */

/* Begin PBXGroup section */
		F51DDEAC257325580062DA07 = {
			isa = PBXGroup;
			children = (
				F51DDEB7257325580062DA07 /* DerivativePricing_cpp */,
				F51DDEF625880D970062DA07 /* Chapter1 */,
				F51DDF0425880ECC0062DA07 /* Chapter2 */,
				F51DDF25258826DE0062DA07 /* Chapter3_1 */,
				F51DDF3A258AE2120062DA07 /* Chapter3_5 */,
				F51DDF4B258AEEF40062DA07 /* Chapter3_6 */,
				F51DDF5D258C09340062DA07 /* Chapter4_2 */,
				F51DDF75258D412A0062DA07 /* Chapter4_3 */,
				F51DDEB6257325580062DA07 /* Products */,
			);
			sourceTree = "<group>";
		};
		F51DDEB6257325580062DA07 /* Products */ = {
			isa = PBXGroup;
			children = (
				F51DDEB5257325580062DA07 /* DerivativePricing_cpp */,
				F51DDEE325880CF20062DA07 /* Chapter2.appex */,
				F51DDEF525880D970062DA07 /* Chapter1 */,
				F51DDF0325880ECC0062DA07 /* Chapter2 */,
				F51DDF24258826DE0062DA07 /* Chapter3 */,
				F51DDF39258AE2120062DA07 /* Chapter_3_2 */,
				F51DDF4A258AEEF40062DA07 /* Chapter3_6 */,
				F51DDF5C258C09340062DA07 /* Chapter4_2 */,
				F51DDF74258D412A0062DA07 /* Chapter4_3 */,
			);
			name = Products;
			sourceTree = "<group>";
		};
		F51DDEB7257325580062DA07 /* DerivativePricing_cpp */ = {
			isa = PBXGroup;
			children = (
				F51DDF43258AEBE90062DA07 /* DoubleDigital.cpp */,
				F51DDF44258AEBE90062DA07 /* DoubleDigital.hpp */,
				F51DDED22586C5580062DA07 /* Payoff1.cpp */,
				F51DDED32586C5580062DA07 /* Payoff1.hpp */,
				F51DDF1D258826440062DA07 /* Payoff2.cpp */,
				F51DDF1E258826440062DA07 /* Payoff2.hpp */,
				F51DDF67258D36CC0062DA07 /* Payoff3.cpp */,
				F51DDF68258D36CC0062DA07 /* Payoff3.hpp */,
				F51DDECA258186E40062DA07 /* Random1.cpp */,
				F51DDEC9258186E40062DA07 /* Random1.hpp */,
				F51DDED52587FCEF0062DA07 /* SimpleMC.cpp */,
				F51DDED62587FCEF0062DA07 /* SimpleMC.hpp */,
				F51DDECF2581882F0062DA07 /* SimpleMC1.cpp */,
				F51DDED02581882F0062DA07 /* SimpleMC1.hpp */,
				F51DDF2C25883B2A0062DA07 /* SimpleMC2.cpp */,
				F51DDF2D25883B2A0062DA07 /* SimpleMC2.hpp */,
				F51DDF55258C05A30062DA07 /* SimpleMC3.cpp */,
				F51DDF56258C05A30062DA07 /* SimpleMC3.hpp */,
				F51DDF6D258D3F780062DA07 /* SimpleMC4.cpp */,
				F51DDF6E258D3F780062DA07 /* SimpleMC4.hpp */,
				F51DDF52258C02B30062DA07 /* Vanilla1.cpp */,
				F51DDF53258C02B30062DA07 /* Vanilla1.hpp */,
				F51DDF6A258D3A860062DA07 /* Vanilla2.cpp */,
				F51DDF6B258D3A860062DA07 /* Vanilla2.hpp */,
				F51DDF7C25915F3C0062DA07 /* PayoffBridge.cpp */,
				F51DDF7D25915F3C0062DA07 /* PayoffBridge.hpp */,
			);
			path = DerivativePricing_cpp;
			sourceTree = "<group>";
		};
		F51DDEF625880D970062DA07 /* Chapter1 */ = {
			isa = PBXGroup;
			children = (
				F51DDEDC258808DB0062DA07 /* Chapter1_simpleMC1.cpp */,
			);
			path = Chapter1;
			sourceTree = "<group>";
		};
		F51DDF0425880ECC0062DA07 /* Chapter2 */ = {
			isa = PBXGroup;
			children = (
				F51DDED8258802F30062DA07 /* Chapter2_simpleMC2.cpp */,
			);
			path = Chapter2;
			sourceTree = "<group>";
		};
		F51DDF25258826DE0062DA07 /* Chapter3_1 */ = {
			isa = PBXGroup;
			children = (
				F51DDF26258826DE0062DA07 /* Chapter3_1_simpleMC3.cpp */,
			);
			path = Chapter3_1;
			sourceTree = "<group>";
		};
		F51DDF3A258AE2120062DA07 /* Chapter3_5 */ = {
			isa = PBXGroup;
			children = (
				F51DDF3B258AE2120062DA07 /* Chapter3_5_simpleMC4.cpp */,
			);
			path = Chapter3_5;
			sourceTree = "<group>";
		};
		F51DDF4B258AEEF40062DA07 /* Chapter3_6 */ = {
			isa = PBXGroup;
			children = (
				F51DDF4C258AEEF40062DA07 /* Chapter3_6_simpleMC5.cpp */,
			);
			path = Chapter3_6;
			sourceTree = "<group>";
		};
		F51DDF5D258C09340062DA07 /* Chapter4_2 */ = {
			isa = PBXGroup;
			children = (
				F51DDF5E258C09340062DA07 /* Chapter4_2_vanillaMain1.cpp */,
			);
			path = Chapter4_2;
			sourceTree = "<group>";
		};
		F51DDF75258D412A0062DA07 /* Chapter4_3 */ = {
			isa = PBXGroup;
			children = (
				F51DDF76258D412A0062DA07 /* Chapter4_3_vanillaMain2.cpp */,
			);
			path = Chapter4_3;
			sourceTree = "<group>";
		};
/* End PBXGroup section */

/* Begin PBXNativeTarget section */
		F51DDEB4257325580062DA07 /* DerivativePricing_cpp */ = {
			isa = PBXNativeTarget;
			buildConfigurationList = F51DDEBC257325580062DA07 /* Build configuration list for PBXNativeTarget "DerivativePricing_cpp" */;
			buildPhases = (
				F51DDEB1257325580062DA07 /* Sources */,
				F51DDEB2257325580062DA07 /* Frameworks */,
				F51DDEB3257325580062DA07 /* CopyFiles */,
			);
			buildRules = (
			);
			dependencies = (
			);
			name = DerivativePricing_cpp;
			productName = DerivativePricing_cpp;
			productReference = F51DDEB5257325580062DA07 /* DerivativePricing_cpp */;
			productType = "com.apple.product-type.tool";
		};
		F51DDEE225880CF20062DA07 /* Chapter2 */ = {
			isa = PBXNativeTarget;
			buildConfigurationList = F51DDEEE25880CF20062DA07 /* Build configuration list for PBXNativeTarget "Chapter2" */;
			buildPhases = (
				F51DDEDF25880CF20062DA07 /* Sources */,
				F51DDEE025880CF20062DA07 /* Frameworks */,
				F51DDEE125880CF20062DA07 /* Resources */,
			);
			buildRules = (
			);
			dependencies = (
			);
			name = Chapter2;
			productName = Chapter2;
			productReference = F51DDEE325880CF20062DA07 /* Chapter2.appex */;
			productType = "com.apple.product-type.app-extension";
		};
		F51DDEF425880D970062DA07 /* Chapter1 */ = {
			isa = PBXNativeTarget;
			buildConfigurationList = F51DDEF925880D970062DA07 /* Build configuration list for PBXNativeTarget "Chapter1" */;
			buildPhases = (
				F51DDEF125880D970062DA07 /* Sources */,
				F51DDEF225880D970062DA07 /* Frameworks */,
				F51DDEF325880D970062DA07 /* CopyFiles */,
			);
			buildRules = (
			);
			dependencies = (
			);
			name = Chapter1;
			productName = Chapter1;
			productReference = F51DDEF525880D970062DA07 /* Chapter1 */;
			productType = "com.apple.product-type.tool";
		};
		F51DDF0225880ECC0062DA07 /* Chapter2 */ = {
			isa = PBXNativeTarget;
			buildConfigurationList = F51DDF0725880ECC0062DA07 /* Build configuration list for PBXNativeTarget "Chapter2" */;
			buildPhases = (
				F51DDEFF25880ECC0062DA07 /* Sources */,
				F51DDF0025880ECC0062DA07 /* Frameworks */,
				F51DDF0125880ECC0062DA07 /* CopyFiles */,
			);
			buildRules = (
			);
			dependencies = (
			);
			name = Chapter2;
			productName = Chapter2;
			productReference = F51DDF0325880ECC0062DA07 /* Chapter2 */;
			productType = "com.apple.product-type.tool";
		};
		F51DDF23258826DE0062DA07 /* Chapter3 */ = {
			isa = PBXNativeTarget;
			buildConfigurationList = F51DDF2A258826DE0062DA07 /* Build configuration list for PBXNativeTarget "Chapter3" */;
			buildPhases = (
				F51DDF20258826DE0062DA07 /* Sources */,
				F51DDF21258826DE0062DA07 /* Frameworks */,
				F51DDF22258826DE0062DA07 /* CopyFiles */,
			);
			buildRules = (
			);
			dependencies = (
			);
			name = Chapter3;
			productName = Chapter3;
			productReference = F51DDF24258826DE0062DA07 /* Chapter3 */;
			productType = "com.apple.product-type.tool";
		};
		F51DDF38258AE2120062DA07 /* Chapter_3_2 */ = {
			isa = PBXNativeTarget;
			buildConfigurationList = F51DDF3D258AE2120062DA07 /* Build configuration list for PBXNativeTarget "Chapter_3_2" */;
			buildPhases = (
				F51DDF35258AE2120062DA07 /* Sources */,
				F51DDF36258AE2120062DA07 /* Frameworks */,
				F51DDF37258AE2120062DA07 /* CopyFiles */,
			);
			buildRules = (
			);
			dependencies = (
			);
			name = Chapter_3_2;
			productName = Chapter_3_2;
			productReference = F51DDF39258AE2120062DA07 /* Chapter_3_2 */;
			productType = "com.apple.product-type.tool";
		};
		F51DDF49258AEEF40062DA07 /* Chapter3_6 */ = {
			isa = PBXNativeTarget;
			buildConfigurationList = F51DDF4E258AEEF40062DA07 /* Build configuration list for PBXNativeTarget "Chapter3_6" */;
			buildPhases = (
				F51DDF46258AEEF40062DA07 /* Sources */,
				F51DDF47258AEEF40062DA07 /* Frameworks */,
				F51DDF48258AEEF40062DA07 /* CopyFiles */,
			);
			buildRules = (
			);
			dependencies = (
			);
			name = Chapter3_6;
			productName = Chapter3_6;
			productReference = F51DDF4A258AEEF40062DA07 /* Chapter3_6 */;
			productType = "com.apple.product-type.tool";
		};
		F51DDF5B258C09340062DA07 /* Chapter4_2 */ = {
			isa = PBXNativeTarget;
			buildConfigurationList = F51DDF60258C09340062DA07 /* Build configuration list for PBXNativeTarget "Chapter4_2" */;
			buildPhases = (
				F51DDF58258C09340062DA07 /* Sources */,
				F51DDF59258C09340062DA07 /* Frameworks */,
				F51DDF5A258C09340062DA07 /* CopyFiles */,
			);
			buildRules = (
			);
			dependencies = (
			);
			name = Chapter4_2;
			productName = Chapter4_2;
			productReference = F51DDF5C258C09340062DA07 /* Chapter4_2 */;
			productType = "com.apple.product-type.tool";
		};
		F51DDF73258D412A0062DA07 /* Chapter4_3 */ = {
			isa = PBXNativeTarget;
			buildConfigurationList = F51DDF78258D412A0062DA07 /* Build configuration list for PBXNativeTarget "Chapter4_3" */;
			buildPhases = (
				F51DDF70258D412A0062DA07 /* Sources */,
				F51DDF71258D412A0062DA07 /* Frameworks */,
				F51DDF72258D412A0062DA07 /* CopyFiles */,
			);
			buildRules = (
			);
			dependencies = (
			);
			name = Chapter4_3;
			productName = Chapter4_3;
			productReference = F51DDF74258D412A0062DA07 /* Chapter4_3 */;
			productType = "com.apple.product-type.tool";
		};
/* End PBXNativeTarget section */

/* Begin PBXProject section */
		F51DDEAD257325580062DA07 /* Project object */ = {
			isa = PBXProject;
			attributes = {
				LastSwiftUpdateCheck = 0920;
				LastUpgradeCheck = 0920;
				ORGANIZATIONNAME = RW;
				TargetAttributes = {
					F51DDEB4257325580062DA07 = {
						CreatedOnToolsVersion = 9.2;
						ProvisioningStyle = Automatic;
					};
					F51DDEE225880CF20062DA07 = {
						CreatedOnToolsVersion = 9.2;
						ProvisioningStyle = Automatic;
					};
					F51DDEF425880D970062DA07 = {
						CreatedOnToolsVersion = 9.2;
						ProvisioningStyle = Automatic;
					};
					F51DDF0225880ECC0062DA07 = {
						CreatedOnToolsVersion = 9.2;
						ProvisioningStyle = Automatic;
					};
					F51DDF23258826DE0062DA07 = {
						CreatedOnToolsVersion = 9.2;
						ProvisioningStyle = Automatic;
					};
					F51DDF38258AE2120062DA07 = {
						CreatedOnToolsVersion = 9.2;
						ProvisioningStyle = Automatic;
					};
					F51DDF49258AEEF40062DA07 = {
						CreatedOnToolsVersion = 9.2;
						ProvisioningStyle = Automatic;
					};
					F51DDF5B258C09340062DA07 = {
						CreatedOnToolsVersion = 9.2;
						ProvisioningStyle = Automatic;
					};
					F51DDF73258D412A0062DA07 = {
						CreatedOnToolsVersion = 9.2;
						ProvisioningStyle = Automatic;
					};
				};
			};
			buildConfigurationList = F51DDEB0257325580062DA07 /* Build configuration list for PBXProject "DerivativePricing_cpp" */;
			compatibilityVersion = "Xcode 8.0";
			developmentRegion = en;
			hasScannedForEncodings = 0;
			knownRegions = (
				en,
				Base,
			);
			mainGroup = F51DDEAC257325580062DA07;
			productRefGroup = F51DDEB6257325580062DA07 /* Products */;
			projectDirPath = "";
			projectRoot = "";
			targets = (
				F51DDEB4257325580062DA07 /* DerivativePricing_cpp */,
				F51DDEE225880CF20062DA07 /* Chapter2 */,
				F51DDEF425880D970062DA07 /* Chapter1 */,
				F51DDF0225880ECC0062DA07 /* Chapter2 */,
				F51DDF23258826DE0062DA07 /* Chapter3 */,
				F51DDF38258AE2120062DA07 /* Chapter_3_2 */,
				F51DDF49258AEEF40062DA07 /* Chapter3_6 */,
				F51DDF5B258C09340062DA07 /* Chapter4_2 */,
				F51DDF73258D412A0062DA07 /* Chapter4_3 */,
			);
		};
/* End PBXProject section */

/* Begin PBXResourcesBuildPhase section */
		F51DDEE125880CF20062DA07 /* Resources */ = {
			isa = PBXResourcesBuildPhase;
			buildActionMask = 2147483647;
			files = (
			);
			runOnlyForDeploymentPostprocessing = 0;
		};
/* End PBXResourcesBuildPhase section */

/* Begin PBXSourcesBuildPhase section */
		F51DDEB1257325580062DA07 /* Sources */ = {
			isa = PBXSourcesBuildPhase;
			buildActionMask = 2147483647;
			files = (
				F51DDECB258186E40062DA07 /* Random1.cpp in Sources */,
				F51DDF1F258826440062DA07 /* Payoff2.cpp in Sources */,
				F51DDED72587FCEF0062DA07 /* SimpleMC.cpp in Sources */,
				F51DDF54258C02B30062DA07 /* Vanilla1.cpp in Sources */,
				F51DDF45258AEBE90062DA07 /* DoubleDigital.cpp in Sources */,
				F51DDF2E25883B2A0062DA07 /* SimpleMC2.cpp in Sources */,
				F51DDF6C258D3A860062DA07 /* Vanilla2.cpp in Sources */,
				F51DDED42586C5580062DA07 /* Payoff1.cpp in Sources */,
				F51DDF69258D36CC0062DA07 /* Payoff3.cpp in Sources */,
				F51DDF57258C05A30062DA07 /* SimpleMC3.cpp in Sources */,
				F51DDF7B258D42D90062DA07 /* Chapter4_3_vanillaMain2.cpp in Sources */,
				F51DDF7E25915F3C0062DA07 /* PayoffBridge.cpp in Sources */,
				F51DDED12581882F0062DA07 /* SimpleMC1.cpp in Sources */,
				F51DDF6F258D3F780062DA07 /* SimpleMC4.cpp in Sources */,
			);
			runOnlyForDeploymentPostprocessing = 0;
		};
		F51DDEDF25880CF20062DA07 /* Sources */ = {
			isa = PBXSourcesBuildPhase;
			buildActionMask = 2147483647;
			files = (
			);
			runOnlyForDeploymentPostprocessing = 0;
		};
		F51DDEF125880D970062DA07 /* Sources */ = {
			isa = PBXSourcesBuildPhase;
			buildActionMask = 2147483647;
			files = (
			);
			runOnlyForDeploymentPostprocessing = 0;
		};
		F51DDEFF25880ECC0062DA07 /* Sources */ = {
			isa = PBXSourcesBuildPhase;
			buildActionMask = 2147483647;
			files = (
			);
			runOnlyForDeploymentPostprocessing = 0;
		};
		F51DDF20258826DE0062DA07 /* Sources */ = {
			isa = PBXSourcesBuildPhase;
			buildActionMask = 2147483647;
			files = (
			);
			runOnlyForDeploymentPostprocessing = 0;
		};
		F51DDF35258AE2120062DA07 /* Sources */ = {
			isa = PBXSourcesBuildPhase;
			buildActionMask = 2147483647;
			files = (
			);
			runOnlyForDeploymentPostprocessing = 0;
		};
		F51DDF46258AEEF40062DA07 /* Sources */ = {
			isa = PBXSourcesBuildPhase;
			buildActionMask = 2147483647;
			files = (
			);
			runOnlyForDeploymentPostprocessing = 0;
		};
		F51DDF58258C09340062DA07 /* Sources */ = {
			isa = PBXSourcesBuildPhase;
			buildActionMask = 2147483647;
			files = (
			);
			runOnlyForDeploymentPostprocessing = 0;
		};
		F51DDF70258D412A0062DA07 /* Sources */ = {
			isa = PBXSourcesBuildPhase;
			buildActionMask = 2147483647;
			files = (
			);
			runOnlyForDeploymentPostprocessing = 0;
		};
/* End PBXSourcesBuildPhase section */

/* Begin XCBuildConfiguration section */
		F51DDEBA257325580062DA07 /* Debug */ = {
			isa = XCBuildConfiguration;
			buildSettings = {
				ALWAYS_SEARCH_USER_PATHS = NO;
				CLANG_ANALYZER_NONNULL = YES;
				CLANG_ANALYZER_NUMBER_OBJECT_CONVERSION = YES_AGGRESSIVE;
				CLANG_CXX_LANGUAGE_STANDARD = "gnu++14";
				CLANG_CXX_LIBRARY = "libc++";
				CLANG_ENABLE_MODULES = YES;
				CLANG_ENABLE_OBJC_ARC = YES;
				CLANG_WARN_BLOCK_CAPTURE_AUTORELEASING = YES;
				CLANG_WARN_BOOL_CONVERSION = YES;
				CLANG_WARN_COMMA = YES;
				CLANG_WARN_CONSTANT_CONVERSION = YES;
				CLANG_WARN_DIRECT_OBJC_ISA_USAGE = YES_ERROR;
				CLANG_WARN_DOCUMENTATION_COMMENTS = YES;
				CLANG_WARN_EMPTY_BODY = YES;
				CLANG_WARN_ENUM_CONVERSION = YES;
				CLANG_WARN_INFINITE_RECURSION = YES;
				CLANG_WARN_INT_CONVERSION = YES;
				CLANG_WARN_NON_LITERAL_NULL_CONVERSION = YES;
				CLANG_WARN_OBJC_LITERAL_CONVERSION = YES;
				CLANG_WARN_OBJC_ROOT_CLASS = YES_ERROR;
				CLANG_WARN_RANGE_LOOP_ANALYSIS = YES;
				CLANG_WARN_STRICT_PROTOTYPES = YES;
				CLANG_WARN_SUSPICIOUS_MOVE = YES;
				CLANG_WARN_UNGUARDED_AVAILABILITY = YES_AGGRESSIVE;
				CLANG_WARN_UNREACHABLE_CODE = YES;
				CLANG_WARN__DUPLICATE_METHOD_MATCH = YES;
				CODE_SIGN_IDENTITY = "-";
				COPY_PHASE_STRIP = NO;
				DEBUG_INFORMATION_FORMAT = dwarf;
				ENABLE_STRICT_OBJC_MSGSEND = YES;
				ENABLE_TESTABILITY = YES;
				GCC_C_LANGUAGE_STANDARD = gnu11;
				GCC_DYNAMIC_NO_PIC = NO;
				GCC_NO_COMMON_BLOCKS = YES;
				GCC_OPTIMIZATION_LEVEL = 0;
				GCC_PREPROCESSOR_DEFINITIONS = (
					"DEBUG=1",
					"$(inherited)",
				);
				GCC_WARN_64_TO_32_BIT_CONVERSION = YES;
				GCC_WARN_ABOUT_RETURN_TYPE = YES_ERROR;
				GCC_WARN_UNDECLARED_SELECTOR = YES;
				GCC_WARN_UNINITIALIZED_AUTOS = YES_AGGRESSIVE;
				GCC_WARN_UNUSED_FUNCTION = YES;
				GCC_WARN_UNUSED_VARIABLE = YES;
				MACOSX_DEPLOYMENT_TARGET = 10.12;
				MTL_ENABLE_DEBUG_INFO = YES;
				ONLY_ACTIVE_ARCH = YES;
				SDKROOT = macosx;
			};
			name = Debug;
		};
		F51DDEBB257325580062DA07 /* Release */ = {
			isa = XCBuildConfiguration;
			buildSettings = {
				ALWAYS_SEARCH_USER_PATHS = NO;
				CLANG_ANALYZER_NONNULL = YES;
				CLANG_ANALYZER_NUMBER_OBJECT_CONVERSION = YES_AGGRESSIVE;
				CLANG_CXX_LANGUAGE_STANDARD = "gnu++14";
				CLANG_CXX_LIBRARY = "libc++";
				CLANG_ENABLE_MODULES = YES;
				CLANG_ENABLE_OBJC_ARC = YES;
				CLANG_WARN_BLOCK_CAPTURE_AUTORELEASING = YES;
				CLANG_WARN_BOOL_CONVERSION = YES;
				CLANG_WARN_COMMA = YES;
				CLANG_WARN_CONSTANT_CONVERSION = YES;
				CLANG_WARN_DIRECT_OBJC_ISA_USAGE = YES_ERROR;
				CLANG_WARN_DOCUMENTATION_COMMENTS = YES;
				CLANG_WARN_EMPTY_BODY = YES;
				CLANG_WARN_ENUM_CONVERSION = YES;
				CLANG_WARN_INFINITE_RECURSION = YES;
				CLANG_WARN_INT_CONVERSION = YES;
				CLANG_WARN_NON_LITERAL_NULL_CONVERSION = YES;
				CLANG_WARN_OBJC_LITERAL_CONVERSION = YES;
				CLANG_WARN_OBJC_ROOT_CLASS = YES_ERROR;
				CLANG_WARN_RANGE_LOOP_ANALYSIS = YES;
				CLANG_WARN_STRICT_PROTOTYPES = YES;
				CLANG_WARN_SUSPICIOUS_MOVE = YES;
				CLANG_WARN_UNGUARDED_AVAILABILITY = YES_AGGRESSIVE;
				CLANG_WARN_UNREACHABLE_CODE = YES;
				CLANG_WARN__DUPLICATE_METHOD_MATCH = YES;
				CODE_SIGN_IDENTITY = "-";
				COPY_PHASE_STRIP = NO;
				DEBUG_INFORMATION_FORMAT = "dwarf-with-dsym";
				ENABLE_NS_ASSERTIONS = NO;
				ENABLE_STRICT_OBJC_MSGSEND = YES;
				GCC_C_LANGUAGE_STANDARD = gnu11;
				GCC_NO_COMMON_BLOCKS = YES;
				GCC_WARN_64_TO_32_BIT_CONVERSION = YES;
				GCC_WARN_ABOUT_RETURN_TYPE = YES_ERROR;
				GCC_WARN_UNDECLARED_SELECTOR = YES;
				GCC_WARN_UNINITIALIZED_AUTOS = YES_AGGRESSIVE;
				GCC_WARN_UNUSED_FUNCTION = YES;
				GCC_WARN_UNUSED_VARIABLE = YES;
				MACOSX_DEPLOYMENT_TARGET = 10.12;
				MTL_ENABLE_DEBUG_INFO = NO;
				SDKROOT = macosx;
			};
			name = Release;
		};
		F51DDEBD257325580062DA07 /* Debug */ = {
			isa = XCBuildConfiguration;
			buildSettings = {
				CODE_SIGN_STYLE = Automatic;
				PRODUCT_NAME = "$(TARGET_NAME)";
			};
			name = Debug;
		};
		F51DDEBE257325580062DA07 /* Release */ = {
			isa = XCBuildConfiguration;
			buildSettings = {
				CODE_SIGN_STYLE = Automatic;
				PRODUCT_NAME = "$(TARGET_NAME)";
			};
			name = Release;
		};
		F51DDEEF25880CF20062DA07 /* Debug */ = {
			isa = XCBuildConfiguration;
			buildSettings = {
				CODE_SIGN_ENTITLEMENTS = Chapter2/Chapter2.entitlements;
				CODE_SIGN_STYLE = Automatic;
				COMBINE_HIDPI_IMAGES = YES;
				INFOPLIST_FILE = Chapter2/Info.plist;
				LD_RUNPATH_SEARCH_PATHS = "$(inherited) @executable_path/../Frameworks @executable_path/../../../../Frameworks";
				PRODUCT_BUNDLE_IDENTIFIER = com.Chapter2;
				PRODUCT_NAME = "$(TARGET_NAME)";
				SKIP_INSTALL = YES;
				SWIFT_ACTIVE_COMPILATION_CONDITIONS = DEBUG;
				SWIFT_OPTIMIZATION_LEVEL = "-Onone";
				SWIFT_VERSION = 4.0;
			};
			name = Debug;
		};
		F51DDEF025880CF20062DA07 /* Release */ = {
			isa = XCBuildConfiguration;
			buildSettings = {
				CODE_SIGN_ENTITLEMENTS = Chapter2/Chapter2.entitlements;
				CODE_SIGN_STYLE = Automatic;
				COMBINE_HIDPI_IMAGES = YES;
				INFOPLIST_FILE = Chapter2/Info.plist;
				LD_RUNPATH_SEARCH_PATHS = "$(inherited) @executable_path/../Frameworks @executable_path/../../../../Frameworks";
				PRODUCT_BUNDLE_IDENTIFIER = com.Chapter2;
				PRODUCT_NAME = "$(TARGET_NAME)";
				SKIP_INSTALL = YES;
				SWIFT_OPTIMIZATION_LEVEL = "-Owholemodule";
				SWIFT_VERSION = 4.0;
			};
			name = Release;
		};
		F51DDEFA25880D970062DA07 /* Debug */ = {
			isa = XCBuildConfiguration;
			buildSettings = {
				CODE_SIGN_STYLE = Automatic;
				PRODUCT_NAME = "$(TARGET_NAME)";
				SWIFT_ACTIVE_COMPILATION_CONDITIONS = DEBUG;
				SWIFT_OPTIMIZATION_LEVEL = "-Onone";
				SWIFT_VERSION = 4.0;
			};
			name = Debug;
		};
		F51DDEFB25880D970062DA07 /* Release */ = {
			isa = XCBuildConfiguration;
			buildSettings = {
				CODE_SIGN_STYLE = Automatic;
				PRODUCT_NAME = "$(TARGET_NAME)";
				SWIFT_OPTIMIZATION_LEVEL = "-Owholemodule";
				SWIFT_VERSION = 4.0;
			};
			name = Release;
		};
		F51DDF0825880ECC0062DA07 /* Debug */ = {
			isa = XCBuildConfiguration;
			buildSettings = {
				CODE_SIGN_STYLE = Automatic;
				PRODUCT_NAME = "$(TARGET_NAME)";
			};
			name = Debug;
		};
		F51DDF0925880ECC0062DA07 /* Release */ = {
			isa = XCBuildConfiguration;
			buildSettings = {
				CODE_SIGN_STYLE = Automatic;
				PRODUCT_NAME = "$(TARGET_NAME)";
			};
			name = Release;
		};
		F51DDF28258826DE0062DA07 /* Debug */ = {
			isa = XCBuildConfiguration;
			buildSettings = {
				CODE_SIGN_STYLE = Automatic;
				PRODUCT_NAME = "$(TARGET_NAME)";
			};
			name = Debug;
		};
		F51DDF29258826DE0062DA07 /* Release */ = {
			isa = XCBuildConfiguration;
			buildSettings = {
				CODE_SIGN_STYLE = Automatic;
				PRODUCT_NAME = "$(TARGET_NAME)";
			};
			name = Release;
		};
		F51DDF3E258AE2120062DA07 /* Debug */ = {
			isa = XCBuildConfiguration;
			buildSettings = {
				CODE_SIGN_STYLE = Automatic;
				PRODUCT_NAME = "$(TARGET_NAME)";
			};
			name = Debug;
		};
		F51DDF3F258AE2120062DA07 /* Release */ = {
			isa = XCBuildConfiguration;
			buildSettings = {
				CODE_SIGN_STYLE = Automatic;
				PRODUCT_NAME = "$(TARGET_NAME)";
			};
			name = Release;
		};
		F51DDF4F258AEEF40062DA07 /* Debug */ = {
			isa = XCBuildConfiguration;
			buildSettings = {
				CODE_SIGN_STYLE = Automatic;
				PRODUCT_NAME = "$(TARGET_NAME)";
			};
			name = Debug;
		};
		F51DDF50258AEEF40062DA07 /* Release */ = {
			isa = XCBuildConfiguration;
			buildSettings = {
				CODE_SIGN_STYLE = Automatic;
				PRODUCT_NAME = "$(TARGET_NAME)";
			};
			name = Release;
		};
		F51DDF61258C09340062DA07 /* Debug */ = {
			isa = XCBuildConfiguration;
			buildSettings = {
				CODE_SIGN_STYLE = Automatic;
				PRODUCT_NAME = "$(TARGET_NAME)";
			};
			name = Debug;
		};
		F51DDF62258C09340062DA07 /* Release */ = {
			isa = XCBuildConfiguration;
			buildSettings = {
				CODE_SIGN_STYLE = Automatic;
				PRODUCT_NAME = "$(TARGET_NAME)";
			};
			name = Release;
		};
		F51DDF79258D412A0062DA07 /* Debug */ = {
			isa = XCBuildConfiguration;
			buildSettings = {
				CODE_SIGN_STYLE = Automatic;
				PRODUCT_NAME = "$(TARGET_NAME)";
			};
			name = Debug;
		};
		F51DDF7A258D412A0062DA07 /* Release */ = {
			isa = XCBuildConfiguration;
			buildSettings = {
				CODE_SIGN_STYLE = Automatic;
				PRODUCT_NAME = "$(TARGET_NAME)";
			};
			name = Release;
		};
/* End XCBuildConfiguration section */

/* Begin XCConfigurationList section */
		F51DDEB0257325580062DA07 /* Build configuration list for PBXProject "DerivativePricing_cpp" */ = {
			isa = XCConfigurationList;
			buildConfigurations = (
				F51DDEBA257325580062DA07 /* Debug */,
				F51DDEBB257325580062DA07 /* Release */,
			);
			defaultConfigurationIsVisible = 0;
			defaultConfigurationName = Release;
		};
		F51DDEBC257325580062DA07 /* Build configuration list for PBXNativeTarget "DerivativePricing_cpp" */ = {
			isa = XCConfigurationList;
			buildConfigurations = (
				F51DDEBD257325580062DA07 /* Debug */,
				F51DDEBE257325580062DA07 /* Release */,
			);
			defaultConfigurationIsVisible = 0;
			defaultConfigurationName = Release;
		};
		F51DDEEE25880CF20062DA07 /* Build configuration list for PBXNativeTarget "Chapter2" */ = {
			isa = XCConfigurationList;
			buildConfigurations = (
				F51DDEEF25880CF20062DA07 /* Debug */,
				F51DDEF025880CF20062DA07 /* Release */,
			);
			defaultConfigurationIsVisible = 0;
			defaultConfigurationName = Release;
		};
		F51DDEF925880D970062DA07 /* Build configuration list for PBXNativeTarget "Chapter1" */ = {
			isa = XCConfigurationList;
			buildConfigurations = (
				F51DDEFA25880D970062DA07 /* Debug */,
				F51DDEFB25880D970062DA07 /* Release */,
			);
			defaultConfigurationIsVisible = 0;
			defaultConfigurationName = Release;
		};
		F51DDF0725880ECC0062DA07 /* Build configuration list for PBXNativeTarget "Chapter2" */ = {
			isa = XCConfigurationList;
			buildConfigurations = (
				F51DDF0825880ECC0062DA07 /* Debug */,
				F51DDF0925880ECC0062DA07 /* Release */,
			);
			defaultConfigurationIsVisible = 0;
			defaultConfigurationName = Release;
		};
		F51DDF2A258826DE0062DA07 /* Build configuration list for PBXNativeTarget "Chapter3" */ = {
			isa = XCConfigurationList;
			buildConfigurations = (
				F51DDF28258826DE0062DA07 /* Debug */,
				F51DDF29258826DE0062DA07 /* Release */,
			);
			defaultConfigurationIsVisible = 0;
			defaultConfigurationName = Release;
		};
		F51DDF3D258AE2120062DA07 /* Build configuration list for PBXNativeTarget "Chapter_3_2" */ = {
			isa = XCConfigurationList;
			buildConfigurations = (
				F51DDF3E258AE2120062DA07 /* Debug */,
				F51DDF3F258AE2120062DA07 /* Release */,
			);
			defaultConfigurationIsVisible = 0;
			defaultConfigurationName = Release;
		};
		F51DDF4E258AEEF40062DA07 /* Build configuration list for PBXNativeTarget "Chapter3_6" */ = {
			isa = XCConfigurationList;
			buildConfigurations = (
				F51DDF4F258AEEF40062DA07 /* Debug */,
				F51DDF50258AEEF40062DA07 /* Release */,
			);
			defaultConfigurationIsVisible = 0;
			defaultConfigurationName = Release;
		};
		F51DDF60258C09340062DA07 /* Build configuration list for PBXNativeTarget "Chapter4_2" */ = {
			isa = XCConfigurationList;
			buildConfigurations = (
				F51DDF61258C09340062DA07 /* Debug */,
				F51DDF62258C09340062DA07 /* Release */,
			);
			defaultConfigurationIsVisible = 0;
			defaultConfigurationName = Release;
		};
		F51DDF78258D412A0062DA07 /* Build configuration list for PBXNativeTarget "Chapter4_3" */ = {
			isa = XCConfigurationList;
			buildConfigurations = (
				F51DDF79258D412A0062DA07 /* Debug */,
				F51DDF7A258D412A0062DA07 /* Release */,
			);
			defaultConfigurationIsVisible = 0;
			defaultConfigurationName = Release;
		};
/* End XCConfigurationList section */
	};
	rootObject = F51DDEAD257325580062DA07 /* Project object */;
}
